
Microsoft Visual Studio Solution File, Format Version 12.00
# Visual Studio 15
VisualStudioVersion = 15.0.28307.421
MinimumVisualStudioVersion = 10.0.40219.1
Project("{FAE04EC0-301F-11D3-BF4B-00C04F79EFBC}") = "PokerPlanning.Android", "PokerPlanning\PokerPlanning.Android\PokerPlanning.Android.csproj", "{6E43A67C-A15A-484E-8F8E-5EA5959F9216}"
EndProject
Project("{FAE04EC0-301F-11D3-BF4B-00C04F79EFBC}") = "PokerPlanning.iOS", "PokerPlanning\PokerPlanning.iOS\PokerPlanning.iOS.csproj", "{8C9A7C7B-C98D-4530-80BC-250574301F30}"
EndProject
Project("{FAE04EC0-301F-11D3-BF4B-00C04F79EFBC}") = "PokerPlanning.UWP", "PokerPlanning\PokerPlanning.UWP\PokerPlanning.UWP.csproj", "{68141741-DC97-4A3C-9759-09D4EAC2607E}"
EndProject
Project("{FAE04EC0-301F-11D3-BF4B-00C04F79EFBC}") = "PokerPlanning", "PokerPlanning\PokerPlanning\PokerPlanning.csproj", "{F31E6A63-D49C-4F2B-8407-C117B3117AFE}"
EndProject
Global
	GlobalSection(SolutionConfigurationPlatforms) = preSolution
		Ad-Hoc|Any CPU = Ad-Hoc|Any CPU
		Ad-Hoc|ARM = Ad-Hoc|ARM
		Ad-Hoc|iPhone = Ad-Hoc|iPhone
		Ad-Hoc|iPhoneSimulator = Ad-Hoc|iPhoneSimulator
		Ad-Hoc|x64 = Ad-Hoc|x64
		Ad-Hoc|x86 = Ad-Hoc|x86
		AppStore|Any CPU = AppStore|Any CPU
		AppStore|ARM = AppStore|ARM
		AppStore|iPhone = AppStore|iPhone
		AppStore|iPhoneSimulator = AppStore|iPhoneSimulator
		AppStore|x64 = AppStore|x64
		AppStore|x86 = AppStore|x86
		Debug|Any CPU = Debug|Any CPU
		Debug|ARM = Debug|ARM
		Debug|iPhone = Debug|iPhone
		Debug|iPhoneSimulator = Debug|iPhoneSimulator
		Debug|x64 = Debug|x64
		Debug|x86 = Debug|x86
		Release|Any CPU = Release|Any CPU
		Release|ARM = Release|ARM
		Release|iPhone = Release|iPhone
		Release|iPhoneSimulator = Release|iPhoneSimulator
		Release|x64 = Release|x64
		Release|x86 = Release|x86
	EndGlobalSection
	GlobalSection(ProjectConfigurationPlatforms) = postSolution
		{6E43A67C-A15A-484E-8F8E-5EA5959F9216}.Ad-Hoc|Any CPU.ActiveCfg = Release|Any CPU
		{6E43A67C-A15A-484E-8F8E-5EA5959F9216}.Ad-Hoc|Any CPU.Build.0 = Release|Any CPU
		{6E43A67C-A15A-484E-8F8E-5EA5959F9216}.Ad-Hoc|Any CPU.Deploy.0 = Release|Any CPU
		{6E43A67C-A15A-484E-8F8E-5EA5959F9216}.Ad-Hoc|ARM.ActiveCfg = Release|Any CPU
		{6E43A67C-A15A-484E-8F8E-5EA5959F9216}.Ad-Hoc|ARM.Build.0 = Release|Any CPU
		{6E43A67C-A15A-484E-8F8E-5EA5959F9216}.Ad-Hoc|ARM.Deploy.0 = Release|Any CPU
		{6E43A67C-A15A-484E-8F8E-5EA5959F9216}.Ad-Hoc|iPhone.ActiveCfg = Release|Any CPU
		{6E43A67C-A15A-484E-8F8E-5EA5959F9216}.Ad-Hoc|iPhone.Build.0 = Release|Any CPU
		{6E43A67C-A15A-484E-8F8E-5EA5959F9216}.Ad-Hoc|iPhone.Deploy.0 = Release|Any CPU
		{6E43A67C-A15A-484E-8F8E-5EA5959F9216}.Ad-Hoc|iPhoneSimulator.ActiveCfg = Release|Any CPU
		{6E43A67C-A15A-484E-8F8E-5EA5959F9216}.Ad-Hoc|iPhoneSimulator.Build.0 = Release|Any CPU
		{6E43A67C-A15A-484E-8F8E-5EA5959F9216}.Ad-Hoc|iPhoneSimulator.Deploy.0 = Release|Any CPU
		{6E43A67C-A15A-484E-8F8E-5EA5959F9216}.Ad-Hoc|x64.ActiveCfg = Release|Any CPU
		{6E43A67C-A15A-484E-8F8E-5EA5959F9216}.Ad-Hoc|x64.Build.0 = Release|Any CPU
		{6E43A67C-A15A-484E-8F8E-5EA5959F9216}.Ad-Hoc|x64.Deploy.0 = Release|Any CPU
		{6E43A67C-A15A-484E-8F8E-5EA5959F9216}.Ad-Hoc|x86.ActiveCfg = Release|Any CPU
		{6E43A67C-A15A-484E-8F8E-5EA5959F9216}.Ad-Hoc|x86.Build.0 = Release|Any CPU
		{6E43A67C-A15A-484E-8F8E-5EA5959F9216}.Ad-Hoc|x86.Deploy.0 = Release|Any CPU
		{6E43A67C-A15A-484E-8F8E-5EA5959F9216}.AppStore|Any CPU.ActiveCfg = Release|Any CPU
		{6E43A67C-A15A-484E-8F8E-5EA5959F9216}.AppStore|Any CPU.Build.0 = Release|Any CPU
		{6E43A67C-A15A-484E-8F8E-5EA5959F9216}.AppStore|Any CPU.Deploy.0 = Release|Any CPU
		{6E43A67C-A15A-484E-8F8E-5EA5959F9216}.AppStore|ARM.ActiveCfg = Release|Any CPU
		{6E43A67C-A15A-484E-8F8E-5EA5959F9216}.AppStore|ARM.Build.0 = Release|Any CPU
		{6E43A67C-A15A-484E-8F8E-5EA5959F9216}.AppStore|ARM.Deploy.0 = Release|Any CPU
		{6E43A67C-A15A-484E-8F8E-5EA5959F9216}.AppStore|iPhone.ActiveCfg = Release|Any CPU
		{6E43A67C-A15A-484E-8F8E-5EA5959F9216}.AppStore|iPhone.Build.0 = Release|Any CPU
		{6E43A67C-A15A-484E-8F8E-5EA5959F9216}.AppStore|iPhone.Deploy.0 = Release|Any CPU
		{6E43A67C-A15A-484E-8F8E-5EA5959F9216}.AppStore|iPhoneSimulator.ActiveCfg = Release|Any CPU
		{6E43A67C-A15A-484E-8F8E-5EA5959F9216}.AppStore|iPhoneSimulator.Build.0 = Release|Any CPU
		{6E43A67C-A15A-484E-8F8E-5EA5959F9216}.AppStore|iPhoneSimulator.Deploy.0 = Release|Any CPU
		{6E43A67C-A15A-484E-8F8E-5EA5959F9216}.AppStore|x64.ActiveCfg = Release|Any CPU
		{6E43A67C-A15A-484E-8F8E-5EA5959F9216}.AppStore|x64.Build.0 = Release|Any CPU
		{6E43A67C-A15A-484E-8F8E-5EA5959F9216}.AppStore|x64.Deploy.0 = Release|Any CPU
		{6E43A67C-A15A-484E-8F8E-5EA5959F9216}.AppStore|x86.ActiveCfg = Release|Any CPU
		{6E43A67C-A15A-484E-8F8E-5EA5959F9216}.AppStore|x86.Build.0 = Release|Any CPU
		{6E43A67C-A15A-484E-8F8E-5EA5959F9216}.AppStore|x86.Deploy.0 = Release|Any CPU
		{6E43A67C-A15A-484E-8F8E-5EA5959F9216}.Debug|Any CPU.ActiveCfg = Debug|Any CPU
		{6E43A67C-A15A-484E-8F8E-5EA5959F9216}.Debug|Any CPU.Build.0 = Debug|Any CPU
		{6E43A67C-A15A-484E-8F8E-5EA5959F9216}.Debug|Any CPU.Deploy.0 = Debug|Any CPU
		{6E43A67C-A15A-484E-8F8E-5EA5959F9216}.Debug|ARM.ActiveCfg = Debug|Any CPU
		{6E43A67C-A15A-484E-8F8E-5EA5959F9216}.Debug|ARM.Build.0 = Debug|Any CPU
		{6E43A67C-A15A-484E-8F8E-5EA5959F9216}.Debug|ARM.Deploy.0 = Debug|Any CPU
		{6E43A67C-A15A-484E-8F8E-5EA5959F9216}.Debug|iPhone.ActiveCfg = Debug|Any CPU
		{6E43A67C-A15A-484E-8F8E-5EA5959F9216}.Debug|iPhone.Build.0 = Debug|Any CPU
		{6E43A67C-A15A-484E-8F8E-5EA5959F9216}.Debug|iPhone.Deploy.0 = Debug|Any CPU
		{6E43A67C-A15A-484E-8F8E-5EA5959F9216}.Debug|iPhoneSimulator.ActiveCfg = Debug|Any CPU
		{6E43A67C-A15A-484E-8F8E-5EA5959F9216}.Debug|iPhoneSimulator.Build.0 = Debug|Any CPU
		{6E43A67C-A15A-484E-8F8E-5EA5959F9216}.Debug|iPhoneSimulator.Deploy.0 = Debug|Any CPU
		{6E43A67C-A15A-484E-8F8E-5EA5959F9216}.Debug|x64.ActiveCfg = Debug|Any CPU
		{6E43A67C-A15A-484E-8F8E-5EA5959F9216}.Debug|x64.Build.0 = Debug|Any CPU
		{6E43A67C-A15A-484E-8F8E-5EA5959F9216}.Debug|x64.Deploy.0 = Debug|Any CPU
		{6E43A67C-A15A-484E-8F8E-5EA5959F9216}.Debug|x86.ActiveCfg = Debug|Any CPU
		{6E43A67C-A15A-484E-8F8E-5EA5959F9216}.Debug|x86.Build.0 = Debug|Any CPU
		{6E43A67C-A15A-484E-8F8E-5EA5959F9216}.Debug|x86.Deploy.0 = Debug|Any CPU
		{6E43A67C-A15A-484E-8F8E-5EA5959F9216}.Release|Any CPU.ActiveCfg = Release|Any CPU
		{6E43A67C-A15A-484E-8F8E-5EA5959F9216}.Release|Any CPU.Build.0 = Release|Any CPU
		{6E43A67C-A15A-484E-8F8E-5EA5959F9216}.Release|Any CPU.Deploy.0 = Release|Any CPU
		{6E43A67C-A15A-484E-8F8E-5EA5959F9216}.Release|ARM.ActiveCfg = Release|Any CPU
		{6E43A67C-A15A-484E-8F8E-5EA5959F9216}.Release|ARM.Build.0 = Release|Any CPU
		{6E43A67C-A15A-484E-8F8E-5EA5959F9216}.Release|ARM.Deploy.0 = Release|Any CPU
		{6E43A67C-A15A-484E-8F8E-5EA5959F9216}.Release|iPhone.ActiveCfg = Release|Any CPU
		{6E43A67C-A15A-484E-8F8E-5EA5959F9216}.Release|iPhone.Build.0 = Release|Any CPU
		{6E43A67C-A15A-484E-8F8E-5EA5959F9216}.Release|iPhone.Deploy.0 = Release|Any CPU
		{6E43A67C-A15A-484E-8F8E-5EA5959F9216}.Release|iPhoneSimulator.ActiveCfg = Release|Any CPU
		{6E43A67C-A15A-484E-8F8E-5EA5959F9216}.Release|iPhoneSimulator.Build.0 = Release|Any CPU
		{6E43A67C-A15A-484E-8F8E-5EA5959F9216}.Release|iPhoneSimulator.Deploy.0 = Release|Any CPU
		{6E43A67C-A15A-484E-8F8E-5EA5959F9216}.Release|x64.ActiveCfg = Release|Any CPU
		{6E43A67C-A15A-484E-8F8E-5EA5959F9216}.Release|x64.Build.0 = Release|Any CPU
		{6E43A67C-A15A-484E-8F8E-5EA5959F9216}.Release|x64.Deploy.0 = Release|Any CPU
		{6E43A67C-A15A-484E-8F8E-5EA5959F9216}.Release|x86.ActiveCfg = Release|Any CPU
		{6E43A67C-A15A-484E-8F8E-5EA5959F9216}.Release|x86.Build.0 = Release|Any CPU
		{6E43A67C-A15A-484E-8F8E-5EA5959F9216}.Release|x86.Deploy.0 = Release|Any CPU
		{8C9A7C7B-C98D-4530-80BC-250574301F30}.Ad-Hoc|Any CPU.ActiveCfg = Ad-Hoc|iPhone
		{8C9A7C7B-C98D-4530-80BC-250574301F30}.Ad-Hoc|Any CPU.Build.0 = Ad-Hoc|iPhone
		{8C9A7C7B-C98D-4530-80BC-250574301F30}.Ad-Hoc|Any CPU.Deploy.0 = Ad-Hoc|iPhone
		{8C9A7C7B-C98D-4530-80BC-250574301F30}.Ad-Hoc|ARM.ActiveCfg = Ad-Hoc|iPhone
		{8C9A7C7B-C98D-4530-80BC-250574301F30}.Ad-Hoc|ARM.Build.0 = Ad-Hoc|iPhone
		{8C9A7C7B-C98D-4530-80BC-250574301F30}.Ad-Hoc|ARM.Deploy.0 = Ad-Hoc|iPhone
		{8C9A7C7B-C98D-4530-80BC-250574301F30}.Ad-Hoc|iPhone.ActiveCfg = Ad-Hoc|iPhone
		{8C9A7C7B-C98D-4530-80BC-250574301F30}.Ad-Hoc|iPhone.Build.0 = Ad-Hoc|iPhone
		{8C9A7C7B-C98D-4530-80BC-250574301F30}.Ad-Hoc|iPhone.Deploy.0 = Ad-Hoc|iPhone
		{8C9A7C7B-C98D-4530-80BC-250574301F30}.Ad-Hoc|iPhoneSimulator.ActiveCfg = Ad-Hoc|iPhoneSimulator
		{8C9A7C7B-C98D-4530-80BC-250574301F30}.Ad-Hoc|iPhoneSimulator.Build.0 = Ad-Hoc|iPhoneSimulator
		{8C9A7C7B-C98D-4530-80BC-250574301F30}.Ad-Hoc|iPhoneSimulator.Deploy.0 = Ad-Hoc|iPhoneSimulator
		{8C9A7C7B-C98D-4530-80BC-250574301F30}.Ad-Hoc|x64.ActiveCfg = Ad-Hoc|iPhone
		{8C9A7C7B-C98D-4530-80BC-250574301F30}.Ad-Hoc|x64.Build.0 = Ad-Hoc|iPhone
		{8C9A7C7B-C98D-4530-80BC-250574301F30}.Ad-Hoc|x64.Deploy.0 = Ad-Hoc|iPhone
		{8C9A7C7B-C98D-4530-80BC-250574301F30}.Ad-Hoc|x86.ActiveCfg = Ad-Hoc|iPhone
		{8C9A7C7B-C98D-4530-80BC-250574301F30}.Ad-Hoc|x86.Build.0 = Ad-Hoc|iPhone
		{8C9A7C7B-C98D-4530-80BC-250574301F30}.Ad-Hoc|x86.Deploy.0 = Ad-Hoc|iPhone
		{8C9A7C7B-C98D-4530-80BC-250574301F30}.AppStore|Any CPU.ActiveCfg = AppStore|iPhone
		{8C9A7C7B-C98D-4530-80BC-250574301F30}.AppStore|Any CPU.Build.0 = AppStore|iPhone
		{8C9A7C7B-C98D-4530-80BC-250574301F30}.AppStore|Any CPU.Deploy.0 = AppStore|iPhone
		{8C9A7C7B-C98D-4530-80BC-250574301F30}.AppStore|ARM.ActiveCfg = AppStore|iPhone
		{8C9A7C7B-C98D-4530-80BC-250574301F30}.AppStore|ARM.Build.0 = AppStore|iPhone
		{8C9A7C7B-C98D-4530-80BC-250574301F30}.AppStore|ARM.Deploy.0 = AppStore|iPhone
		{8C9A7C7B-C98D-4530-80BC-250574301F30}.AppStore|iPhone.ActiveCfg = AppStore|iPhone
		{8C9A7C7B-C98D-4530-80BC-250574301F30}.AppStore|iPhone.Build.0 = AppStore|iPhone
		{8C9A7C7B-C98D-4530-80BC-250574301F30}.AppStore|iPhone.Deploy.0 = AppStore|iPhone
		{8C9A7C7B-C98D-4530-80BC-250574301F30}.AppStore|iPhoneSimulator.ActiveCfg = AppStore|iPhoneSimulator
		{8C9A7C7B-C98D-4530-80BC-250574301F30}.AppStore|iPhoneSimulator.Build.0 = AppStore|iPhoneSimulator
		{8C9A7C7B-C98D-4530-80BC-250574301F30}.AppStore|iPhoneSimulator.Deploy.0 = AppStore|iPhoneSimulator
		{8C9A7C7B-C98D-4530-80BC-250574301F30}.AppStore|x64.ActiveCfg = AppStore|iPhone
		{8C9A7C7B-C98D-4530-80BC-250574301F30}.AppStore|x64.Build.0 = AppStore|iPhone
		{8C9A7C7B-C98D-4530-80BC-250574301F30}.AppStore|x64.Deploy.0 = AppStore|iPhone
		{8C9A7C7B-C98D-4530-80BC-250574301F30}.AppStore|x86.ActiveCfg = AppStore|iPhone
		{8C9A7C7B-C98D-4530-80BC-250574301F30}.AppStore|x86.Build.0 = AppStore|iPhone
		{8C9A7C7B-C98D-4530-80BC-250574301F30}.AppStore|x86.Deploy.0 = AppStore|iPhone
		{8C9A7C7B-C98D-4530-80BC-250574301F30}.Debug|Any CPU.ActiveCfg = Debug|iPhoneSimulator
		{8C9A7C7B-C98D-4530-80BC-250574301F30}.Debug|Any CPU.Build.0 = Debug|iPhoneSimulator
		{8C9A7C7B-C98D-4530-80BC-250574301F30}.Debug|Any CPU.Deploy.0 = Debug|iPhoneSimulator
		{8C9A7C7B-C98D-4530-80BC-250574301F30}.Debug|ARM.ActiveCfg = Debug|iPhone
		{8C9A7C7B-C98D-4530-80BC-250574301F30}.Debug|ARM.Build.0 = Debug|iPhone
		{8C9A7C7B-C98D-4530-80BC-250574301F30}.Debug|ARM.Deploy.0 = Debug|iPhone
		{8C9A7C7B-C98D-4530-80BC-250574301F30}.Debug|iPhone.ActiveCfg = Debug|iPhone
		{8C9A7C7B-C98D-4530-80BC-250574301F30}.Debug|iPhone.Build.0 = Debug|iPhone
		{8C9A7C7B-C98D-4530-80BC-250574301F30}.Debug|iPhone.Deploy.0 = Debug|iPhone
		{8C9A7C7B-C98D-4530-80BC-250574301F30}.Debug|iPhoneSimulator.ActiveCfg = Debug|iPhoneSimulator
		{8C9A7C7B-C98D-4530-80BC-250574301F30}.Debug|iPhoneSimulator.Build.0 = Debug|iPhoneSimulator
		{8C9A7C7B-C98D-4530-80BC-250574301F30}.Debug|iPhoneSimulator.Deploy.0 = Debug|iPhoneSimulator
		{8C9A7C7B-C98D-4530-80BC-250574301F30}.Debug|x64.ActiveCfg = Debug|iPhone
		{8C9A7C7B-C98D-4530-80BC-250574301F30}.Debug|x64.Build.0 = Debug|iPhone
		{8C9A7C7B-C98D-4530-80BC-250574301F30}.Debug|x64.Deploy.0 = Debug|iPhone
		{8C9A7C7B-C98D-4530-80BC-250574301F30}.Debug|x86.ActiveCfg = Debug|iPhone
		{8C9A7C7B-C98D-4530-80BC-250574301F30}.Debug|x86.Build.0 = Debug|iPhone
		{8C9A7C7B-C98D-4530-80BC-250574301F30}.Debug|x86.Deploy.0 = Debug|iPhone
		{8C9A7C7B-C98D-4530-80BC-250574301F30}.Release|Any CPU.ActiveCfg = Release|iPhone
		{8C9A7C7B-C98D-4530-80BC-250574301F30}.Release|Any CPU.Build.0 = Release|iPhone
		{8C9A7C7B-C98D-4530-80BC-250574301F30}.Release|Any CPU.Deploy.0 = Release|iPhone
		{8C9A7C7B-C98D-4530-80BC-250574301F30}.Release|ARM.ActiveCfg = Release|iPhone
		{8C9A7C7B-C98D-4530-80BC-250574301F30}.Release|ARM.Build.0 = Release|iPhone
		{8C9A7C7B-C98D-4530-80BC-250574301F30}.Release|ARM.Deploy.0 = Release|iPhone
		{8C9A7C7B-C98D-4530-80BC-250574301F30}.Release|iPhone.ActiveCfg = Release|iPhone
		{8C9A7C7B-C98D-4530-80BC-250574301F30}.Release|iPhone.Build.0 = Release|iPhone
		{8C9A7C7B-C98D-4530-80BC-250574301F30}.Release|iPhone.Deploy.0 = Release|iPhone
		{8C9A7C7B-C98D-4530-80BC-250574301F30}.Release|iPhoneSimulator.ActiveCfg = Release|iPhoneSimulator
		{8C9A7C7B-C98D-4530-80BC-250574301F30}.Release|iPhoneSimulator.Build.0 = Release|iPhoneSimulator
		{8C9A7C7B-C98D-4530-80BC-250574301F30}.Release|iPhoneSimulator.Deploy.0 = Release|iPhoneSimulator
		{8C9A7C7B-C98D-4530-80BC-250574301F30}.Release|x64.ActiveCfg = Release|iPhone
		{8C9A7C7B-C98D-4530-80BC-250574301F30}.Release|x64.Build.0 = Release|iPhone
		{8C9A7C7B-C98D-4530-80BC-250574301F30}.Release|x64.Deploy.0 = Release|iPhone
		{8C9A7C7B-C98D-4530-80BC-250574301F30}.Release|x86.ActiveCfg = Release|iPhone
		{8C9A7C7B-C98D-4530-80BC-250574301F30}.Release|x86.Build.0 = Release|iPhone
		{8C9A7C7B-C98D-4530-80BC-250574301F30}.Release|x86.Deploy.0 = Release|iPhone
		{68141741-DC97-4A3C-9759-09D4EAC2607E}.Ad-Hoc|Any CPU.ActiveCfg = Release|x86
		{68141741-DC97-4A3C-9759-09D4EAC2607E}.Ad-Hoc|Any CPU.Build.0 = Release|x86
		{68141741-DC97-4A3C-9759-09D4EAC2607E}.Ad-Hoc|Any CPU.Deploy.0 = Release|x86
		{68141741-DC97-4A3C-9759-09D4EAC2607E}.Ad-Hoc|ARM.ActiveCfg = Release|ARM
		{68141741-DC97-4A3C-9759-09D4EAC2607E}.Ad-Hoc|ARM.Build.0 = Release|ARM
		{68141741-DC97-4A3C-9759-09D4EAC2607E}.Ad-Hoc|ARM.Deploy.0 = Release|ARM
		{68141741-DC97-4A3C-9759-09D4EAC2607E}.Ad-Hoc|iPhone.ActiveCfg = Release|x86
		{68141741-DC97-4A3C-9759-09D4EAC2607E}.Ad-Hoc|iPhone.Build.0 = Release|x86
		{68141741-DC97-4A3C-9759-09D4EAC2607E}.Ad-Hoc|iPhone.Deploy.0 = Release|x86
		{68141741-DC97-4A3C-9759-09D4EAC2607E}.Ad-Hoc|iPhoneSimulator.ActiveCfg = Release|x86
		{68141741-DC97-4A3C-9759-09D4EAC2607E}.Ad-Hoc|iPhoneSimulator.Build.0 = Release|x86
		{68141741-DC97-4A3C-9759-09D4EAC2607E}.Ad-Hoc|iPhoneSimulator.Deploy.0 = Release|x86
		{68141741-DC97-4A3C-9759-09D4EAC2607E}.Ad-Hoc|x64.ActiveCfg = Release|x64
		{68141741-DC97-4A3C-9759-09D4EAC2607E}.Ad-Hoc|x64.Build.0 = Release|x64
		{68141741-DC97-4A3C-9759-09D4EAC2607E}.Ad-Hoc|x64.Deploy.0 = Release|x64
		{68141741-DC97-4A3C-9759-09D4EAC2607E}.Ad-Hoc|x86.ActiveCfg = Release|x86
		{68141741-DC97-4A3C-9759-09D4EAC2607E}.Ad-Hoc|x86.Build.0 = Release|x86
		{68141741-DC97-4A3C-9759-09D4EAC2607E}.Ad-Hoc|x86.Deploy.0 = Release|x86
		{68141741-DC97-4A3C-9759-09D4EAC2607E}.AppStore|Any CPU.ActiveCfg = Release|x86
		{68141741-DC97-4A3C-9759-09D4EAC2607E}.AppStore|Any CPU.Build.0 = Release|x86
		{68141741-DC97-4A3C-9759-09D4EAC2607E}.AppStore|Any CPU.Deploy.0 = Release|x86
		{68141741-DC97-4A3C-9759-09D4EAC2607E}.AppStore|ARM.ActiveCfg = Release|ARM
		{68141741-DC97-4A3C-9759-09D4EAC2607E}.AppStore|ARM.Build.0 = Release|ARM
		{68141741-DC97-4A3C-9759-09D4EAC2607E}.AppStore|ARM.Deploy.0 = Release|ARM
		{68141741-DC97-4A3C-9759-09D4EAC2607E}.AppStore|iPhone.ActiveCfg = Release|x86
		{68141741-DC97-4A3C-9759-09D4EAC2607E}.AppStore|iPhone.Build.0 = Release|x86
		{68141741-DC97-4A3C-9759-09D4EAC2607E}.AppStore|iPhone.Deploy.0 = Release|x86
		{68141741-DC97-4A3C-9759-09D4EAC2607E}.AppStore|iPhoneSimulator.ActiveCfg = Release|x86
		{68141741-DC97-4A3C-9759-09D4EAC2607E}.AppStore|iPhoneSimulator.Build.0 = Release|x86
		{68141741-DC97-4A3C-9759-09D4EAC2607E}.AppStore|iPhoneSimulator.Deploy.0 = Release|x86
		{68141741-DC97-4A3C-9759-09D4EAC2607E}.AppStore|x64.ActiveCfg = Release|x64
		{68141741-DC97-4A3C-9759-09D4EAC2607E}.AppStore|x64.Build.0 = Release|x64
		{68141741-DC97-4A3C-9759-09D4EAC2607E}.AppStore|x64.Deploy.0 = Release|x64
		{68141741-DC97-4A3C-9759-09D4EAC2607E}.AppStore|x86.ActiveCfg = Release|x86
		{68141741-DC97-4A3C-9759-09D4EAC2607E}.AppStore|x86.Build.0 = Release|x86
		{68141741-DC97-4A3C-9759-09D4EAC2607E}.AppStore|x86.Deploy.0 = Release|x86
		{68141741-DC97-4A3C-9759-09D4EAC2607E}.Debug|Any CPU.ActiveCfg = Debug|x86
		{68141741-DC97-4A3C-9759-09D4EAC2607E}.Debug|Any CPU.Build.0 = Debug|x86
		{68141741-DC97-4A3C-9759-09D4EAC2607E}.Debug|Any CPU.Deploy.0 = Debug|x86
		{68141741-DC97-4A3C-9759-09D4EAC2607E}.Debug|ARM.ActiveCfg = Debug|ARM
		{68141741-DC97-4A3C-9759-09D4EAC2607E}.Debug|ARM.Build.0 = Debug|ARM
		{68141741-DC97-4A3C-9759-09D4EAC2607E}.Debug|ARM.Deploy.0 = Debug|ARM
		{68141741-DC97-4A3C-9759-09D4EAC2607E}.Debug|iPhone.ActiveCfg = Debug|x86
		{68141741-DC97-4A3C-9759-09D4EAC2607E}.Debug|iPhone.Build.0 = Debug|x86
		{68141741-DC97-4A3C-9759-09D4EAC2607E}.Debug|iPhone.Deploy.0 = Debug|x86
		{68141741-DC97-4A3C-9759-09D4EAC2607E}.Debug|iPhoneSimulator.ActiveCfg = Debug|x86
		{68141741-DC97-4A3C-9759-09D4EAC2607E}.Debug|iPhoneSimulator.Build.0 = Debug|x86
		{68141741-DC97-4A3C-9759-09D4EAC2607E}.Debug|iPhoneSimulator.Deploy.0 = Debug|x86
		{68141741-DC97-4A3C-9759-09D4EAC2607E}.Debug|x64.ActiveCfg = Debug|x64
		{68141741-DC97-4A3C-9759-09D4EAC2607E}.Debug|x64.Build.0 = Debug|x64
		{68141741-DC97-4A3C-9759-09D4EAC2607E}.Debug|x64.Deploy.0 = Debug|x64
		{68141741-DC97-4A3C-9759-09D4EAC2607E}.Debug|x86.ActiveCfg = Debug|x86
		{68141741-DC97-4A3C-9759-09D4EAC2607E}.Debug|x86.Build.0 = Debug|x86
		{68141741-DC97-4A3C-9759-09D4EAC2607E}.Debug|x86.Deploy.0 = Debug|x86
		{68141741-DC97-4A3C-9759-09D4EAC2607E}.Release|Any CPU.ActiveCfg = Release|x86
		{68141741-DC97-4A3C-9759-09D4EAC2607E}.Release|Any CPU.Build.0 = Release|x86
		{68141741-DC97-4A3C-9759-09D4EAC2607E}.Release|Any CPU.Deploy.0 = Release|x86
		{68141741-DC97-4A3C-9759-09D4EAC2607E}.Release|ARM.ActiveCfg = Release|ARM
		{68141741-DC97-4A3C-9759-09D4EAC2607E}.Release|ARM.Build.0 = Release|ARM
		{68141741-DC97-4A3C-9759-09D4EAC2607E}.Release|ARM.Deploy.0 = Release|ARM
		{68141741-DC97-4A3C-9759-09D4EAC2607E}.Release|iPhone.ActiveCfg = Release|x86
		{68141741-DC97-4A3C-9759-09D4EAC2607E}.Release|iPhone.Build.0 = Release|x86
		{68141741-DC97-4A3C-9759-09D4EAC2607E}.Release|iPhone.Deploy.0 = Release|x86
		{68141741-DC97-4A3C-9759-09D4EAC2607E}.Release|iPhoneSimulator.ActiveCfg = Release|x86
		{68141741-DC97-4A3C-9759-09D4EAC2607E}.Release|iPhoneSimulator.Build.0 = Release|x86
		{68141741-DC97-4A3C-9759-09D4EAC2607E}.Release|iPhoneSimulator.Deploy.0 = Release|x86
		{68141741-DC97-4A3C-9759-09D4EAC2607E}.Release|x64.ActiveCfg = Release|x64
		{68141741-DC97-4A3C-9759-09D4EAC2607E}.Release|x64.Build.0 = Release|x64
		{68141741-DC97-4A3C-9759-09D4EAC2607E}.Release|x64.Deploy.0 = Release|x64
		{68141741-DC97-4A3C-9759-09D4EAC2607E}.Release|x86.ActiveCfg = Release|x86
		{68141741-DC97-4A3C-9759-09D4EAC2607E}.Release|x86.Build.0 = Release|x86
		{68141741-DC97-4A3C-9759-09D4EAC2607E}.Release|x86.Deploy.0 = Release|x86
		{F31E6A63-D49C-4F2B-8407-C117B3117AFE}.Ad-Hoc|Any CPU.ActiveCfg = Debug|Any CPU
		{F31E6A63-D49C-4F2B-8407-C117B3117AFE}.Ad-Hoc|Any CPU.Build.0 = Debug|Any CPU
		{F31E6A63-D49C-4F2B-8407-C117B3117AFE}.Ad-Hoc|Any CPU.Deploy.0 = Debug|Any CPU
		{F31E6A63-D49C-4F2B-8407-C117B3117AFE}.Ad-Hoc|ARM.ActiveCfg = Debug|Any CPU
		{F31E6A63-D49C-4F2B-8407-C117B3117AFE}.Ad-Hoc|ARM.Build.0 = Debug|Any CPU
		{F31E6A63-D49C-4F2B-8407-C117B3117AFE}.Ad-Hoc|ARM.Deploy.0 = Debug|Any CPU
		{F31E6A63-D49C-4F2B-8407-C117B3117AFE}.Ad-Hoc|iPhone.ActiveCfg = Debug|Any CPU
		{F31E6A63-D49C-4F2B-8407-C117B3117AFE}.Ad-Hoc|iPhone.Build.0 = Debug|Any CPU
		{F31E6A63-D49C-4F2B-8407-C117B3117AFE}.Ad-Hoc|iPhone.Deploy.0 = Debug|Any CPU
		{F31E6A63-D49C-4F2B-8407-C117B3117AFE}.Ad-Hoc|iPhoneSimulator.ActiveCfg = Debug|Any CPU
		{F31E6A63-D49C-4F2B-8407-C117B3117AFE}.Ad-Hoc|iPhoneSimulator.Build.0 = Debug|Any CPU
		{F31E6A63-D49C-4F2B-8407-C117B3117AFE}.Ad-Hoc|iPhoneSimulator.Deploy.0 = Debug|Any CPU
		{F31E6A63-D49C-4F2B-8407-C117B3117AFE}.Ad-Hoc|x64.ActiveCfg = Debug|Any CPU
		{F31E6A63-D49C-4F2B-8407-C117B3117AFE}.Ad-Hoc|x64.Build.0 = Debug|Any CPU
		{F31E6A63-D49C-4F2B-8407-C117B3117AFE}.Ad-Hoc|x64.Deploy.0 = Debug|Any CPU
		{F31E6A63-D49C-4F2B-8407-C117B3117AFE}.Ad-Hoc|x86.ActiveCfg = Debug|Any CPU
		{F31E6A63-D49C-4F2B-8407-C117B3117AFE}.Ad-Hoc|x86.Build.0 = Debug|Any CPU
		{F31E6A63-D49C-4F2B-8407-C117B3117AFE}.Ad-Hoc|x86.Deploy.0 = Debug|Any CPU
		{F31E6A63-D49C-4F2B-8407-C117B3117AFE}.AppStore|Any CPU.ActiveCfg = Debug|Any CPU
		{F31E6A63-D49C-4F2B-8407-C117B3117AFE}.AppStore|Any CPU.Build.0 = Debug|Any CPU
		{F31E6A63-D49C-4F2B-8407-C117B3117AFE}.AppStore|Any CPU.Deploy.0 = Debug|Any CPU
		{F31E6A63-D49C-4F2B-8407-C117B3117AFE}.AppStore|ARM.ActiveCfg = Debug|Any CPU
		{F31E6A63-D49C-4F2B-8407-C117B3117AFE}.AppStore|ARM.Build.0 = Debug|Any CPU
		{F31E6A63-D49C-4F2B-8407-C117B3117AFE}.AppStore|ARM.Deploy.0 = Debug|Any CPU
		{F31E6A63-D49C-4F2B-8407-C117B3117AFE}.AppStore|iPhone.ActiveCfg = Debug|Any CPU
		{F31E6A63-D49C-4F2B-8407-C117B3117AFE}.AppStore|iPhone.Build.0 = Debug|Any CPU
		{F31E6A63-D49C-4F2B-8407-C117B3117AFE}.AppStore|iPhone.Deploy.0 = Debug|Any CPU
		{F31E6A63-D49C-4F2B-8407-C117B3117AFE}.AppStore|iPhoneSimulator.ActiveCfg = Debug|Any CPU
		{F31E6A63-D49C-4F2B-8407-C117B3117AFE}.AppStore|iPhoneSimulator.Build.0 = Debug|Any CPU
		{F31E6A63-D49C-4F2B-8407-C117B3117AFE}.AppStore|iPhoneSimulator.Deploy.0 = Debug|Any CPU
		{F31E6A63-D49C-4F2B-8407-C117B3117AFE}.AppStore|x64.ActiveCfg = Debug|Any CPU
		{F31E6A63-D49C-4F2B-8407-C117B3117AFE}.AppStore|x64.Build.0 = Debug|Any CPU
		{F31E6A63-D49C-4F2B-8407-C117B3117AFE}.AppStore|x64.Deploy.0 = Debug|Any CPU
		{F31E6A63-D49C-4F2B-8407-C117B3117AFE}.AppStore|x86.ActiveCfg = Debug|Any CPU
		{F31E6A63-D49C-4F2B-8407-C117B3117AFE}.AppStore|x86.Build.0 = Debug|Any CPU
		{F31E6A63-D49C-4F2B-8407-C117B3117AFE}.AppStore|x86.Deploy.0 = Debug|Any CPU
		{F31E6A63-D49C-4F2B-8407-C117B3117AFE}.Debug|Any CPU.ActiveCfg = Debug|Any CPU
		{F31E6A63-D49C-4F2B-8407-C117B3117AFE}.Debug|Any CPU.Build.0 = Debug|Any CPU
		{F31E6A63-D49C-4F2B-8407-C117B3117AFE}.Debug|Any CPU.Deploy.0 = Debug|Any CPU
		{F31E6A63-D49C-4F2B-8407-C117B3117AFE}.Debug|ARM.ActiveCfg = Debug|Any CPU
		{F31E6A63-D49C-4F2B-8407-C117B3117AFE}.Debug|ARM.Build.0 = Debug|Any CPU
		{F31E6A63-D49C-4F2B-8407-C117B3117AFE}.Debug|ARM.Deploy.0 = Debug|Any CPU
		{F31E6A63-D49C-4F2B-8407-C117B3117AFE}.Debug|iPhone.ActiveCfg = Debug|Any CPU
		{F31E6A63-D49C-4F2B-8407-C117B3117AFE}.Debug|iPhone.Build.0 = Debug|Any CPU
		{F31E6A63-D49C-4F2B-8407-C117B3117AFE}.Debug|iPhone.Deploy.0 = Debug|Any CPU
		{F31E6A63-D49C-4F2B-8407-C117B3117AFE}.Debug|iPhoneSimulator.ActiveCfg = Debug|Any CPU
		{F31E6A63-D49C-4F2B-8407-C117B3117AFE}.Debug|iPhoneSimulator.Build.0 = Debug|Any CPU
		{F31E6A63-D49C-4F2B-8407-C117B3117AFE}.Debug|iPhoneSimulator.Deploy.0 = Debug|Any CPU
		{F31E6A63-D49C-4F2B-8407-C117B3117AFE}.Debug|x64.ActiveCfg = Debug|Any CPU
		{F31E6A63-D49C-4F2B-8407-C117B3117AFE}.Debug|x64.Build.0 = Debug|Any CPU
		{F31E6A63-D49C-4F2B-8407-C117B3117AFE}.Debug|x64.Deploy.0 = Debug|Any CPU
		{F31E6A63-D49C-4F2B-8407-C117B3117AFE}.Debug|x86.ActiveCfg = Debug|Any CPU
		{F31E6A63-D49C-4F2B-8407-C117B3117AFE}.Debug|x86.Build.0 = Debug|Any CPU
		{F31E6A63-D49C-4F2B-8407-C117B3117AFE}.Debug|x86.Deploy.0 = Debug|Any CPU
		{F31E6A63-D49C-4F2B-8407-C117B3117AFE}.Release|Any CPU.ActiveCfg = Release|Any CPU
		{F31E6A63-D49C-4F2B-8407-C117B3117AFE}.Release|Any CPU.Build.0 = Release|Any CPU
		{F31E6A63-D49C-4F2B-8407-C117B3117AFE}.Release|Any CPU.Deploy.0 = Release|Any CPU
		{F31E6A63-D49C-4F2B-8407-C117B3117AFE}.Release|ARM.ActiveCfg = Release|Any CPU
		{F31E6A63-D49C-4F2B-8407-C117B3117AFE}.Release|ARM.Build.0 = Release|Any CPU
		{F31E6A63-D49C-4F2B-8407-C117B3117AFE}.Release|ARM.Deploy.0 = Release|Any CPU
		{F31E6A63-D49C-4F2B-8407-C117B3117AFE}.Release|iPhone.ActiveCfg = Release|Any CPU
		{F31E6A63-D49C-4F2B-8407-C117B3117AFE}.Release|iPhone.Build.0 = Release|Any CPU
		{F31E6A63-D49C-4F2B-8407-C117B3117AFE}.Release|iPhone.Deploy.0 = Release|Any CPU
		{F31E6A63-D49C-4F2B-8407-C117B3117AFE}.Release|iPhoneSimulator.ActiveCfg = Release|Any CPU
		{F31E6A63-D49C-4F2B-8407-C117B3117AFE}.Release|iPhoneSimulator.Build.0 = Release|Any CPU
		{F31E6A63-D49C-4F2B-8407-C117B3117AFE}.Release|iPhoneSimulator.Deploy.0 = Release|Any CPU
		{F31E6A63-D49C-4F2B-8407-C117B3117AFE}.Release|x64.ActiveCfg = Release|Any CPU
		{F31E6A63-D49C-4F2B-8407-C117B3117AFE}.Release|x64.Build.0 = Release|Any CPU
		{F31E6A63-D49C-4F2B-8407-C117B3117AFE}.Release|x64.Deploy.0 = Release|Any CPU
		{F31E6A63-D49C-4F2B-8407-C117B3117AFE}.Release|x86.ActiveCfg = Release|Any CPU
		{F31E6A63-D49C-4F2B-8407-C117B3117AFE}.Release|x86.Build.0 = Release|Any CPU
		{F31E6A63-D49C-4F2B-8407-C117B3117AFE}.Release|x86.Deploy.0 = Release|Any CPU
	EndGlobalSection
	GlobalSection(SolutionProperties) = preSolution
		HideSolutionNode = FALSE
	EndGlobalSection
	GlobalSection(ExtensibilityGlobals) = postSolution
		SolutionGuid = {A2EE2233-329F-4299-AEBF-09D66EB54178}
	EndGlobalSection
EndGlobal
